lockfileVersion: '6.0'

settings:
  autoInstallPeers: true
  excludeLinksFromLockfile: false

dependencies:
  http-proxy:
    specifier: ^1.18.1
    version: 1.18.1
  jsonwebtoken:
    specifier: ^9.0.3
    version: 9.0.3
  rotating-file-stream:
    specifier: ^3.2.9
    version: 3.2.10
  typescript:
    specifier: ^5.0.0
    version: 5.9.3
  yaml:
    specifier: ^2.9.0
    version: 2.9.0
  zod:
    specifier: ^4.4.3
    version: 4.5.4

devDependencies:
  '@types/bun':
    specifier: latest
    version: 1.3.14
  '@types/http-proxy':
    specifier: ^1.17.17
    version: 1.17.17
  '@types/jsonwebtoken':
    specifier: ^9.0.10
    version: 9.0.10
  '@types/node':
    specifier: ^26.1.2
    version: 26.1.2
  loadtest:
    specifier: ^8.2.1
    version: 8.2.1

packages:

  /@types/bun@1.3.14:
    resolution: {integrity: sha512-h1hFqFVcvAvD9j9K7ZW7vd82aSA+rTdznZa+5bwvCwqSB1jmmfLcbIWhOLx1/+boy/xmjgCs/OMUL8hRJSmnPw==}
    dependencies:
      bun-types: 1.3.14
    dev: true

  /@types/http-proxy@1.17.17:
    resolution: {integrity: sha512-ED6LB+Z1AVylNTu7hdzuBqOgMnvG/ld6wGCG8wFnAzKX5uyW2K3WD52v0gnLCTK/VLpXtKckgWuyScYK6cSPaw==}
    dependencies:
      '@types/node': 26.1.2
    dev: true

  /@types/jsonwebtoken@9.0.10:
    resolution: {integrity: sha512-asx5hIG9Qmf/1oStypjanR7iKTv0gXQ1Ov/jfrX6kS/EO0OFni8orbmGCn0672NHR3kXHwpAwR+B368ZGN/2rA==}
    dependencies:
      '@types/ms': 2.1.0
      '@types/node': 26.1.2
    dev: true

  /@types/ms@2.1.0:
    resolution: {integrity: sha512-GsCCIZDE/p3i96vtEqx+7dBUGXrc7zeSK3wwPHIaRThS+9OhWIXRqzs4d6k1SVU8g91DrNRWxWUGhp5KXQb2VA==}
    dev: true

  /@types/node@26.1.2:
    resolution: {integrity: sha512-Vu4a5UFA9rIIFJ7rB/Vaafh9lrCQszopTCx6KjFboXTGQbPNasehVR5TEiithSDGyd1DEiUByggTZsg8jukeIg==}
    dependencies:
      undici-types: 8.3.0
    dev: true

  /agent-base@4.3.0:
    resolution: {integrity: sha512-salcGninV0nPrwpGNn4VTXBb1SOuXQBiqbrNXoeizJsHrsL6ERFM2Ne3JUSBWRE6aeNJI2ROP/WEEIDUiDe3cg==}
    engines: {node: '>= 4.0.0'}
    dependencies:
      es6-promisify: 5.0.0
    dev: true

  /agentkeepalive@2.2.0:
    resolution: {integrity: sha512-TnB6ziK363p7lR8QpeLC8aMr8EGYBKZTpgzQLfqTs3bR0Oo5VbKdwKf8h0dSzsYrB7lSCgfJnMZKqShvlq5Oyg==}
    engines: {node: '>= 0.10.0'}
    dev: true

  /buffer-equal-constant-time@1.0.1:
    resolution: {integrity: sha512-zRpUiDwd/xk6ADqPMATG8vc9VPrkck7T07OIx0gnjmJAnHnTVXNQG3vfvWNuiZIkwu9KrKdA1iJKfsfTVxE6NA==}
    dev: false

  /bufferutil@4.1.0:
    resolution: {integrity: sha512-ZMANVnAixE6AWWnPzlW2KpUrxhm9woycYvPOo67jWHyFowASTEd9s+QN1EIMsSDtwhIxN4sWE1jotpuDUIgyIw==}
    engines: {node: '>=6.14.2'}
    requiresBuild: true
    dependencies:
      node-gyp-build: 4.8.4
    dev: true

  /bun-types@1.3.14:
    resolution: {integrity: sha512-4N0ig0fEomHt5R0KCFWjovxow98rIoRwKolrYdCcknNwMekCXRnWEUvgu5soYV8QXtVsrUD8B95MBOZGPvr6KQ==}
    dependencies:
      '@types/node': 26.1.2
    dev: true

  /confinode@2.1.1:
    resolution: {integrity: sha512-u5u0ZHpYMnVWtelxjalNtLvL+SdP7B/7s0JTFUIkyvqqIf67DAvy6SKaE6WZiwbufLPk+6zJKsh5SdpbtbFi9g==}
    engines: {node: '>=10.0.0'}
    dependencies:
      quick-lru: 5.1.1
      yaml: 1.10.3
    dev: true

  /d@1.0.2:
    resolution: {integrity: sha512-MOqHvMWF9/9MX6nza0KgvFH4HpMU0EF5uUDXqX/BtxtU8NfB0QzRtJ8Oe/6SuS4kbhyzVJwjd97EA4PKrzJ8bw==}
    engines: {node: '>=0.12'}
    dependencies:
      es5-ext: 0.10.64
      type: 2.7.3
    dev: true

  /debug@2.6.9:
    resolution: {integrity: sha512-bC7ElrdJaJnPbAP+1EotYvqZsb3ecl5wi6Bfi6BJTUcNowp6cvspg0jXznRTKDjm/E7AdgFBVeAPVMNcKGsHMA==}
    peerDependencies:
      supports-color: '*'
    peerDependenciesMeta:
      supports-color:
        optional: true
    dependencies:
      ms: 2.0.0
    dev: true

  /debug@3.2.7:
    resolution: {integrity: sha512-CFjzYYAi4ThfiQvizrFQevTTXHtnCqWfe7x1AhgEscTz6ZbLbfoLRLPugTQyBth6f8ZERVUSyWHFD/7Wu4t1XQ==}
    peerDependencies:
      supports-color: '*'
    peerDependenciesMeta:
      supports-color:
        optional: true
    dependencies:
      ms: 2.1.3
    dev: true

  /ecdsa-sig-formatter@1.0.11:
    resolution: {integrity: sha512-nagl3RYrbNv6kQkeJIpt6NJZy8twLB/2vtz6yN9Z4vRKHN4/QZJIEbqohALSgwKdnksuY3k5Addp5lg8sVoVcQ==}
    dependencies:
      safe-buffer: 5.2.1
    dev: false

  /es5-ext@0.10.64:
    resolution: {integrity: sha512-p2snDhiLaXe6dahss1LddxqEm+SkuDvV8dnIQG0MWjyHpcMNfXKPE+/Cc0y+PhxJX3A4xGNeFCj5oc0BUh6deg==}
    engines: {node: '>=0.10'}
    requiresBuild: true
    dependencies:
      es6-iterator: 2.0.3
      es6-symbol: 3.1.4
      esniff: 2.0.1
      next-tick: 1.1.0
    dev: true

  /es6-iterator@2.0.3:
    resolution: {integrity: sha512-zw4SRzoUkd+cl+ZoE15A9o1oQd920Bb0iOJMQkQhl3jNc03YqVjAhG7scf9C5KWRU/R13Orf588uCC6525o02g==}
    dependencies:
      d: 1.0.2
      es5-ext: 0.10.64
      es6-symbol: 3.1.4
    dev: true

  /es6-promise@4.2.8:
    resolution: {integrity: sha512-HJDGx5daxeIvxdBxvG2cb9g4tEvwIk3i8+nhX0yGrYmZUzbkdg8QbDevheDB8gd0//uPj4c1EQua8Q+MViT0/w==}
    dev: true

  /es6-promisify@5.0.0:
    resolution: {integrity: sha512-C+d6UdsYDk0lMebHNR4S2NybQMMngAOnOwYBQjTOiv0MkoJMP0Myw2mgpDLBcpfCmRLxyFqYhS/CfOENq4SJhQ==}
    dependencies:
      es6-promise: 4.2.8
    dev: true

  /es6-symbol@3.1.4:
    resolution: {integrity: sha512-U9bFFjX8tFiATgtkJ1zg25+KviIXpgRvRHS8sau3GfhVzThRQrOeksPeT0BWW2MNZs1OEWJ1DPXOQMn0KKRkvg==}
    engines: {node: '>=0.12'}
    dependencies:
      d: 1.0.2
      ext: 1.7.0
    dev: true

  /esniff@2.0.1:
    resolution: {integrity: sha512-kTUIGKQ/mDPFoJ0oVfcmyJn4iBDRptjNVIzwIFR7tqWXdVI9xfA2RMwY/gbSpJG3lkdWNEjLap/NqVHZiJsdfg==}
    engines: {node: '>=0.10'}
    dependencies:
      d: 1.0.2
      es5-ext: 0.10.64
      event-emitter: 0.3.5
      type: 2.7.3
    dev: true

  /event-emitter@0.3.5:
    resolution: {integrity: sha512-D9rRn9y7kLPnJ+hMq7S/nhvoKwwvVJahBi2BPmx3bvbsEdK3W9ii8cBSGjP+72/LnM4n6fo3+dkCX5FeTQruXA==}
    dependencies:
      d: 1.0.2
      es5-ext: 0.10.64
    dev: true

  /eventemitter3@4.0.7:
    resolution: {integrity: sha512-8guHBZCwKnFhYdHr2ysuRWErTwhoN2X8XELRlrRwpmfeY2jjuUN4taQMsULKUVo1K4DvZl+0pgfyoysHxvmvEw==}
    dev: false

  /ext@1.7.0:
    resolution: {integrity: sha512-6hxeJYaL110a9b5TEJSj0gojyHQAmA2ch5Os+ySCiA1QGdS697XWY1pzsrSjqA9LDEEgdB/KypIlR59RcLuHYw==}
    dependencies:
      type: 2.7.3
    dev: true

  /follow-redirects@1.16.0:
    resolution: {integrity: sha512-y5rN/uOsadFT/JfYwhxRS5R7Qce+g3zG97+JrtFZlC9klX/W5hD7iiLzScI4nZqUS7DNUdhPgw4xI8W2LuXlUw==}
    engines: {node: '>=4.0'}
    peerDependencies:
      debug: '*'
    peerDependenciesMeta:
      debug:
        optional: true
    dev: false

  /http-proxy@1.18.1:
    resolution: {integrity: sha512-7mz/721AbnJwIVbnaSv1Cz3Am0ZLT/UBwkC92VlxhXv/k/BBQfM2fXElQNC27BVGr0uwUpplYPQM9LnaBMR5NQ==}
    engines: {node: '>=8.0.0'}
    dependencies:
      eventemitter3: 4.0.7
      follow-redirects: 1.16.0
      requires-port: 1.0.0
    transitivePeerDependencies:
      - debug
    dev: false

  /https-proxy-agent@2.2.4:
    resolution: {integrity: sha512-OmvfoQ53WLjtA9HeYP9RNrWMJzzAz1JGaSFr1nijg0PVR1JaD/xbJq1mdEIIlxGpXp9eSe/O2LgU9DJmTPd0Eg==}
    engines: {node: '>= 4.5.0'}
    dependencies:
      agent-base: 4.3.0
      debug: 3.2.7
    transitivePeerDependencies:
      - supports-color
    dev: true

  /is-typedarray@1.0.0:
    resolution: {integrity: sha512-cyA56iCMHAh5CdzjJIa4aohJyeO1YbwLi3Jc35MmRU6poroFjIGZzUzupGiRPOjgHg9TLu43xbpwXk523fMxKA==}
    dev: true

  /jsonwebtoken@9.0.3:
    resolution: {integrity: sha512-MT/xP0CrubFRNLNKvxJ2BYfy53Zkm++5bX9dtuPbqAeQpTVe0MQTFhao8+Cp//EmJp244xt6Drw/GVEGCUj40g==}
    engines: {node: '>=12', npm: '>=6'}
    dependencies:
      jws: 4.0.1
      lodash.includes: 4.3.0
      lodash.isboolean: 3.0.3
      lodash.isinteger: 4.0.4
      lodash.isnumber: 3.0.3
      lodash.isplainobject: 4.0.6
      lodash.isstring: 4.0.1
      lodash.once: 4.1.1
      ms: 2.1.3
      semver: 7.8.5
    dev: false

  /jwa@2.0.1:
    resolution: {integrity: sha512-hRF04fqJIP8Abbkq5NKGN0Bbr3JxlQ+qhZufXVr0DvujKy93ZCbXZMHDL4EOtodSbCWxOqR8MS1tXA5hwqCXDg==}
    dependencies:
      buffer-equal-constant-time: 1.0.1
      ecdsa-sig-formatter: 1.0.11
      safe-buffer: 5.2.1
    dev: false

  /jws@4.0.1:
    resolution: {integrity: sha512-EKI/M/yqPncGUUh44xz0PxSidXFr/+r0pA70+gIYhjv+et7yxM+s29Y+VGDkovRofQem0fs7Uvf4+YmAdyRduA==}
    dependencies:
      jwa: 2.0.1
      safe-buffer: 5.2.1
    dev: false

  /loadtest@8.2.1:
    resolution: {integrity: sha512-MHMC7G8SMBWR8IZdEbmPCBuJ3pD5xpzuCFr09ZAPcvp01dpF/Op4IlJcV4ay99SBhiAtrtSdwH6Mj6b/+5Osyg==}
    engines: {node: '>=16'}
    hasBin: true
    dependencies:
      agentkeepalive: 2.2.0
      confinode: 2.1.1
      https-proxy-agent: 2.2.4
      stdio: 0.2.7
      testing: 3.1.0
      websocket: 1.0.35
    transitivePeerDependencies:
      - supports-color
    dev: true

  /lodash.includes@4.3.0:
    resolution: {integrity: sha512-W3Bx6mdkRTGtlJISOvVD/lbqjTlPPUDTMnlXZFnVwi9NKJ6tiAk6LVdlhZMm17VZisqhKcgzpO5Wz91PCt5b0w==}
    dev: false

  /lodash.isboolean@3.0.3:
    resolution: {integrity: sha512-Bz5mupy2SVbPHURB98VAcw+aHh4vRV5IPNhILUCsOzRmsTmSQ17jIuqopAentWoehktxGd9e/hbIXq980/1QJg==}
    dev: false

  /lodash.isinteger@4.0.4:
    resolution: {integrity: sha512-DBwtEWN2caHQ9/imiNeEA5ys1JoRtRfY3d7V9wkqtbycnAmTvRRmbHKDV4a0EYc678/dia0jrte4tjYwVBaZUA==}
    dev: false

  /lodash.isnumber@3.0.3:
    resolution: {integrity: sha512-QYqzpfwO3/CWf3XP+Z+tkQsfaLL/EnUlXWVkIk5FUPc4sBdTehEqZONuyRt2P67PXAk+NXmTBcc97zw9t1FQrw==}
    dev: false

  /lodash.isplainobject@4.0.6:
    resolution: {integrity: sha512-oSXzaWypCMHkPC3NvBEaPHf0KsA5mvPrOPgQWDsbg8n7orZ290M0BmC/jgRZ4vcJ6DTAhjrsSYgdsW/F+MFOBA==}
    dev: false

  /lodash.isstring@4.0.1:
    resolution: {integrity: sha512-0wJxfxH1wgO3GrbuP+dTTk7op+6L41QCXbGINEmD+ny/G/eCqGzxyCsh7159S+mgDDcoarnBw6PC1PS5+wUGgw==}
    dev: false

  /lodash.once@4.1.1:
    resolution: {integrity: sha512-Sb487aTOCr9drQVL8pIxOzVhafOjZN9UU54hiN8PU3uAiSV7lx1yYNpbNmex2PK6dSJoNTSJUUswT651yww3Mg==}
    dev: false

  /ms@2.0.0:
    resolution: {integrity: sha512-Tpp60P6IUJDTuOq/5Z8cdskzJujfwqfOTkrwIwj7IRISpnkJnT6SyJ4PCPnGMoFjC9ddhal5KVIYtAt97ix05A==}
    dev: true

  /ms@2.1.3:
    resolution: {integrity: sha512-6FlzubTLZG3J2a/NVCAleEhjzq5oxgHyaCU9yYXvcLsvoVaHJq/s5xXI6/XXP6tz7R9xAOtHnSO/tXtF3WRTlA==}

  /next-tick@1.1.0:
    resolution: {integrity: sha512-CXdUiJembsNjuToQvxayPZF9Vqht7hewsvy2sOWafLvi2awflj9mOC6bHIg50orX8IJvWKY9wYQ/zB2kogPslQ==}
    dev: true

  /node-gyp-build@4.8.4:
    resolution: {integrity: sha512-LA4ZjwlnUblHVgq0oBF3Jl/6h/Nvs5fzBLwdEF4nuxnFdsfajde4WfxtJr3CaiH+F6ewcIB/q4jQ4UzPyid+CQ==}
    hasBin: true
    dev: true

  /quick-lru@5.1.1:
    resolution: {integrity: sha512-WuyALRjWPDGtt/wzJiadO5AXY+8hZ80hVpe6MyivgraREW751X3SbhRvG3eLKOYN+8VEvqLcf3wdnt44Z4S4SA==}
    engines: {node: '>=10'}
    dev: true

  /requires-port@1.0.0:
    resolution: {integrity: sha512-KigOCHcocU3XODJxsu8i/j8T9tzT4adHiecwORRQ0ZZFcp7ahwXuRU1m+yuO90C5ZUyGeGfocHDI14M3L3yDAQ==}
    dev: false

  /rotating-file-stream@3.2.10:
    resolution: {integrity: sha512-9kviflu1v0iTD3MNoRLjPuuqLTsTOrovKdadoSYcUsgY5mKFNuhcM7WifJcwvxfIP6YJdVVxgWQr9YS3lJS+bg==}
    engines: {node: '>=14.0'}
    dev: false

  /safe-buffer@5.2.1:
    resolution: {integrity: sha512-rp3So07KcdmmKbGvgaNxQSJr7bGVSVk5S9Eq1F+ppbRo70+YeaDxkw5Dd8NPN+GD6bjnYm2VuPuCXmpuYvmCXQ==}
    dev: false

  /semver@7.8.5:
    resolution: {integrity: sha512-Y7/KDsb8LjooZpwaqGyulO6DQlksgCncchHGk+sZIY4SBvUocMBEFH5Ur1fI4dV+Jvl0w6cjvucaIi40puRioA==}
    engines: {node: '>=10'}
    hasBin: true
    dev: false

  /stdio@0.2.7:
    resolution: {integrity: sha512-q7zge680s4BhYx91a8RqHWfiyHM9b+2ZwrNEJJkL6Y6I3F78p9Ag56enyMlpLckCH+bL1shV7YEK1cLXOaA3Bg==}
    dev: true

  /testing@3.1.0:
    resolution: {integrity: sha512-CJXhYndfyUrznQOGeRb1snX0NYAqt54Rux9hrbcEqCeV9Omrq/vBkFw0J80XEsJ7vWNRI0g564l58UZgEHQFEA==}
    engines: {node: '>16'}
    dev: true

  /type@2.7.3:
    resolution: {integrity: sha512-8j+1QmAbPvLZow5Qpi6NCaN8FB60p/6x8/vfNqOk/hC+HuvFZhL4+WfekuhQLiqFZXOgQdrs3B+XxEmCc6b3FQ==}
    dev: true

  /typedarray-to-buffer@3.1.5:
    resolution: {integrity: sha512-zdu8XMNEDepKKR+XYOXAVPtWui0ly0NtohUscw+UmaHiAWT8hrV1rr//H6V+0DvJ3OQ19S979M0laLfX8rm82Q==}
    dependencies:
      is-typedarray: 1.0.0
    dev: true

  /typescript@5.9.3:
    resolution: {integrity: sha512-jl1vZzPDinLr9eUt3J/t7V6FgNEw9QjvBPdysz9KfQDD41fQrC2Y4vKQdiaUpFT4bXlb1RHhLpp8wtm6M5TgSw==}
    engines: {node: '>=14.17'}
    hasBin: true
    dev: false

  /undici-types@8.3.0:
    resolution: {integrity: sha512-j375ScV60dom+YkPFIfTLcOiPxkN/buHz5GobjLhixFuANaNs3C9l4GmrWqejgXWJ7BbJcFYpTEUkS1Ge8bpZQ==}
    dev: true

  /utf-8-validate@5.0.10:
    resolution: {integrity: sha512-Z6czzLq4u8fPOyx7TU6X3dvUZVvoJmxSQ+IcrlmagKhilxlhZgxPK6C5Jqbkw1IDUmFTM+cz9QDnnLTwDz/2gQ==}
    engines: {node: '>=6.14.2'}
    requiresBuild: true
    dependencies:
      node-gyp-build: 4.8.4
    dev: true

  /websocket@1.0.35:
    resolution: {integrity: sha512-/REy6amwPZl44DDzvRCkaI1q1bIiQB0mEFQLUrhz3z2EK91cp3n72rAjUlrTP0zV22HJIUOVHQGPxhFRjxjt+Q==}
    engines: {node: '>=4.0.0'}
    dependencies:
      bufferutil: 4.1.0
      debug: 2.6.9
      es5-ext: 0.10.64
      typedarray-to-buffer: 3.1.5
      utf-8-validate: 5.0.10
      yaeti: 0.0.6
    transitivePeerDependencies:
      - supports-color
    dev: true

  /yaeti@0.0.6:
    resolution: {integrity: sha512-MvQa//+KcZCUkBTIC9blM+CU9J2GzuTytsOUwf2lidtvkx/6gnEp1QvJv34t9vdjhFmha/mUiNDbN0D0mJWdug==}
    engines: {node: '>=0.10.32'}
    deprecated: Package no longer supported. Contact Support at https://www.npmjs.com/support for more info.
    dev: true

  /yaml@1.10.3:
    resolution: {integrity: sha512-vIYeF1u3CjlhAFekPPAk2h/Kv4T3mAkMox5OymRiJQB0spDP10LHvt+K7G9Ny6NuuMAb25/6n1qyUjAcGNf/AA==}
    engines: {node: '>= 6'}
    dev: true

  /yaml@2.9.0:
    resolution: {integrity: sha512-2AvhNX3mb8zd6Zy7INTtSpl1F15HW6Wnqj0srWlkKLcpYl/gMIMJiyuGq2KeI2YFxUPjdlB+3Lc10seMLtL4cA==}
    engines: {node: '>= 14.6'}
    hasBin: true
    dev: false

  /zod@4.5.4:
    resolution: {integrity: sha512-sC95tT5iHHH9gtpj6A81kh+NEaRAUFN+qlUPDUbRfOMvNf5QCBqsb3WgvnpVtK5Y+4UfA6KqufotuTvMGiTlsA==}
    dev: false
